
Microsoft Visual Studio Solution File, Format Version 12.00
# Visual Studio Version 17
VisualStudioVersion = 17.5.33424.131
MinimumVisualStudioVersion = 10.0.40219.1
Project("{FAE04EC0-301F-11D3-BF4B-00C04F79EFBC}") = "Eq2Grau", "Eq2Grau\Eq2Grau.csproj", "{336D6689-5982-4B15-8002-8012194FA9B7}"
EndProject
Global
	GlobalSection(SolutionConfigurationPlatforms) = preSolution
		Debug|Any CPU = Debug|Any CPU
		Release|Any CPU = Release|Any CPU
	EndGlobalSection
	GlobalSection(ProjectConfigurationPlatforms) = postSolution
		{336D6689-5982-4B15-8002-8012194FA9B7}.Debug|Any CPU.ActiveCfg = Debug|Any CPU
		{336D6689-5982-4B15-8002-8012194FA9B7}.Debug|Any CPU.Build.0 = Debug|Any CPU
		{336D6689-5982-4B15-8002-8012194FA9B7}.Release|Any CPU.ActiveCfg = Release|Any CPU
		{336D6689-5982-4B15-8002-8012194FA9B7}.Release|Any CPU.Build.0 = Release|Any CPU
	EndGlobalSection
	GlobalSection(SolutionProperties) = preSolution
		HideSolutionNode = FALSE
	EndGlobalSection
	GlobalSection(ExtensibilityGlobals) = postSolution
		SolutionGuid = {C32A4EDE-8335-4300-BC18-CD56556B53BE}
	EndGlobalSection
EndGlobal
